
Microsoft Visual Studio Solution File, Format Version 12.00
# Visual Studio Version 16
VisualStudioVersion = 16.0.31702.278
MinimumVisualStudioVersion = 10.0.40219.1
Project("{8BC9CEB8-8B4A-11D0-8D11-00A0C91BC942}") = "Week12", "Week12.vcxproj", "{2FA18E88-FEC6-4210-8A9B-0940FACEE862}"
EndProject
Global
	GlobalSection(SolutionConfigurationPlatforms) = preSolution
		Debug|x64 = Debug|x64
		Debug|x86 = Debug|x86
		Release|x64 = Release|x64
		Release|x86 = Release|x86
	EndGlobalSection
	GlobalSection(ProjectConfigurationPlatforms) = postSolution
		{2FA18E88-FEC6-4210-8A9B-0940FACEE862}.Debug|x64.ActiveCfg = Debug|x64
		{2FA18E88-FEC6-4210-8A9B-0940FACEE862}.Debug|x64.Build.0 = Debug|x64
		{2FA18E88-FEC6-4210-8A9B-0940FACEE862}.Debug|x86.ActiveCfg = Debug|Win32
		{2FA18E88-FEC6-4210-8A9B-0940FACEE862}.Debug|x86.Build.0 = Debug|Win32
		{2FA18E88-FEC6-4210-8A9B-0940FACEE862}.Release|x64.ActiveCfg = Release|x64
		{2FA18E88-FEC6-4210-8A9B-0940FACEE862}.Release|x64.Build.0 = Release|x64
		{2FA18E88-FEC6-4210-8A9B-0940FACEE862}.Release|x86.ActiveCfg = Release|Win32
		{2FA18E88-FEC6-4210-8A9B-0940FACEE862}.Release|x86.Build.0 = Release|Win32
	EndGlobalSection
	GlobalSection(SolutionProperties) = preSolution
		HideSolutionNode = FALSE
	EndGlobalSection
	GlobalSection(ExtensibilityGlobals) = postSolution
		SolutionGuid = {536D1473-319D-4D4F-A9B4-FAB167133CCF}
	EndGlobalSection
EndGlobal
